# This file was autogenerated by Stack.
# You should not edit this file by hand.
# For more information, please see the documentation at:
#   https://docs.haskellstack.org/en/stable/lock_files

packages:
- completed:
    hackage: gi-gtk-3.0.32@sha256:767e73231987191832cca97df96243164bd02556167db8368fb6b57f43cfed1a,38896
    pantry-tree:
      size: 359
      sha256: 39485485d9e72829b099ac682fda98ace5e3624efbf67705b52ec4ba47a3564d
  original:
    hackage: gi-gtk-3.0.32
- completed:
    hackage: directory-1.3.3.0@sha256:1deda12ae47de8ad980ea77dd00019e93bcb7f6e145579a992d2c6fa0e8b97be,2812
    pantry-tree:
      size: 3304
      sha256: 142c6dedd9e1a52a4573f7cb619058de193177ca3a2dfae96f153e135900b263
  original:
    hackage: directory-1.3.3.0
- completed:
    hackage: random-1.1@sha256:7b67624fd76ddf97c206de0801dc7e888097e9d572974be9b9ea6551d76965df,1777
    pantry-tree:
      size: 637
      sha256: 14a1b01728c5584e87c9fa00746a66e28ffd89dd2c0eabd334c8463953496e1b
  original:
    hackage: random-1.1
- completed:
    hackage: unix-2.7.2.2@sha256:e69269a17b9fa26cb77f3f55e86c39d0a4940ccfa0c4bc20826919d2572076ad,3496
    pantry-tree:
      size: 3536
      sha256: c355f7924ce67e5bf8f20767462af18f09b8c0d1f7161117221cbb94c15deee3
  original:
    hackage: unix-2.7.2.2
- completed:
    hackage: filepath-1.4.2.1@sha256:0a5334c8d6eb9b00cba7a07f2c4141d395d0b430861d04866c6a8d373aea59c1,2245
    pantry-tree:
      size: 681
      sha256: acea875d61ee692b87eef45d1e6f95e87bdb2289395c82d3e3972ea6e42fde50
  original:
    hackage: filepath-1.4.2.1
- completed:
    hackage: mtl-2.2.2@sha256:1050fb71acd9f5d67da7d992583f5bd0eb14407b9dc7acc122af1b738b706ca3,2261
    pantry-tree:
      size: 1713
      sha256: b8bdc2259e2f943a7252fb164805666fe108ac959d398e0af27b43ba2ebc241c
  original:
    hackage: mtl-2.2.2
- completed:
    hackage: text-1.2.3.1@sha256:ceb05f2a77b82bffe58c9ce8d8ad447191e4509bd28c14bf3da610bd6b82a62b,8560
    pantry-tree:
      size: 7456
      sha256: c9b38b60593401bb378b694a42b085d46f74f97d86d39edeb01a616965f2b581
  original:
    hackage: text-1.2.3.1
- completed:
    hackage: time-1.8.0.2@sha256:2a206e80c5a836986db33042893de1e34cb4df60427f73aa61552f6e9866a3aa,5482
    pantry-tree:
      size: 5404
      sha256: d01f87bca5d77addf0d8b565b7de063644836c850915402e8ce3b9d868279213
  original:
    hackage: time-1.8.0.2
snapshots:
- completed:
    size: 523884
    url: https://raw.githubusercontent.com/commercialhaskell/stackage-snapshots/master/lts/14/4.yaml
    sha256: 16f24be248b42c9e16d59db84378836b1e7c239448a041cae46d32daffa45a8b
  original: lts-14.4
